
Microsoft Visual Studio Solution File, Format Version 12.00
# Visual Studio Version 17
VisualStudioVersion = 17.14.36811.4 d17.14
MinimumVisualStudioVersion = 10.0.40219.1
Project("{FAE04EC0-301F-11D3-BF4B-00C04F79EFBC}") = "StockMonitor", "StockMonitor.csproj", "{C283930A-157E-4A43-8E33-D9FEAA8D00EA}"
EndProject
Global
	GlobalSection(SolutionConfigurationPlatforms) = preSolution
		Debug|Any CPU = Debug|Any CPU
		Release|Any CPU = Release|Any CPU
	EndGlobalSection
	GlobalSection(ProjectConfigurationPlatforms) = postSolution
		{C283930A-157E-4A43-8E33-D9FEAA8D00EA}.Debug|Any CPU.ActiveCfg = Debug|Any CPU
		{C283930A-157E-4A43-8E33-D9FEAA8D00EA}.Debug|Any CPU.Build.0 = Debug|Any CPU
		{C283930A-157E-4A43-8E33-D9FEAA8D00EA}.Release|Any CPU.ActiveCfg = Release|Any CPU
		{C283930A-157E-4A43-8E33-D9FEAA8D00EA}.Release|Any CPU.Build.0 = Release|Any CPU
	EndGlobalSection
	GlobalSection(SolutionProperties) = preSolution
		HideSolutionNode = FALSE
	EndGlobalSection
	GlobalSection(ExtensibilityGlobals) = postSolution
		SolutionGuid = {BBEA240C-D2EE-4EDC-BEFF-45FCF78477B8}
	EndGlobalSection
EndGlobal
